
Microsoft Visual Studio Solution File, Format Version 12.00
# Visual Studio Version 17
VisualStudioVersion = 17.2.32616.157
MinimumVisualStudioVersion = 10.0.40219.1
Project("{FAE04EC0-301F-11D3-BF4B-00C04F79EFBC}") = "MyClasses", "MyClasses\MyClasses.csproj", "{D576912A-EC9B-46CE-850B-013FFA85EC4F}"
EndProject
Project("{FAE04EC0-301F-11D3-BF4B-00C04F79EFBC}") = "MyClassesTest", "MyClassesTest\MyClassesTest.csproj", "{D19E7A3E-5A59-40C1-8FB9-59AC21B06798}"
EndProject
Global
	GlobalSection(SolutionConfigurationPlatforms) = preSolution
		Debug|Any CPU = Debug|Any CPU
		Release|Any CPU = Release|Any CPU
	EndGlobalSection
	GlobalSection(ProjectConfigurationPlatforms) = postSolution
		{D576912A-EC9B-46CE-850B-013FFA85EC4F}.Debug|Any CPU.ActiveCfg = Debug|Any CPU
		{D576912A-EC9B-46CE-850B-013FFA85EC4F}.Debug|Any CPU.Build.0 = Debug|Any CPU
		{D576912A-EC9B-46CE-850B-013FFA85EC4F}.Release|Any CPU.ActiveCfg = Release|Any CPU
		{D576912A-EC9B-46CE-850B-013FFA85EC4F}.Release|Any CPU.Build.0 = Release|Any CPU
		{D19E7A3E-5A59-40C1-8FB9-59AC21B06798}.Debug|Any CPU.ActiveCfg = Debug|Any CPU
		{D19E7A3E-5A59-40C1-8FB9-59AC21B06798}.Debug|Any CPU.Build.0 = Debug|Any CPU
		{D19E7A3E-5A59-40C1-8FB9-59AC21B06798}.Release|Any CPU.ActiveCfg = Release|Any CPU
		{D19E7A3E-5A59-40C1-8FB9-59AC21B06798}.Release|Any CPU.Build.0 = Release|Any CPU
	EndGlobalSection
	GlobalSection(SolutionProperties) = preSolution
		HideSolutionNode = FALSE
	EndGlobalSection
	GlobalSection(ExtensibilityGlobals) = postSolution
		SolutionGuid = {F267C281-3EBD-416B-8DC4-F23BD510F8F9}
	EndGlobalSection
EndGlobal
